// !$*UTF8*$!
{
	archiveVersion = 1;
	classes = {
	};
	objectVersion = 56;
	objects = {

/* Begin PBXBuildFile section */
		BACE327D2C38E6D000B7BB84 /* AppDelegate.swift in Sources */ = {isa = PBXBuildFile; fileRef = BACE327C2C38E6D000B7BB84 /* AppDelegate.swift */; };
		BACE327F2C38E6D000B7BB84 /* SceneDelegate.swift in Sources */ = {isa = PBXBuildFile; fileRef = BACE327E2C38E6D000B7BB84 /* SceneDelegate.swift */; };
		BACE32812C38E6D000B7BB84 /* ViewController.swift in Sources */ = {isa = PBXBuildFile; fileRef = BACE32802C38E6D000B7BB84 /* ViewController.swift */; };
		BACE32842C38E6D000B7BB84 /* Base in Resources */ = {isa = PBXBuildFile; fileRef = BACE32832C38E6D000B7BB84 /* Base */; };
		BACE32862C38E6D100B7BB84 /* Assets.xcassets in Resources */ = {isa = PBXBuildFile; fileRef = BACE32852C38E6D100B7BB84 /* Assets.xcassets */; };
		BACE32892C38E6D100B7BB84 /* Base in Resources */ = {isa = PBXBuildFile; fileRef = BACE32882C38E6D100B7BB84 /* Base */; };
		BACE32952C38FBC900B7BB84 /* NumPadViewController.swift in Sources */ = {isa = PBXBuildFile; fileRef = BACE32942C38FBC900B7BB84 /* NumPadViewController.swift */; };
		BACE32972C38FC2100B7BB84 /* SecondViewController.swift in Sources */ = {isa = PBXBuildFile; fileRef = BACE32962C38FC2100B7BB84 /* SecondViewController.swift */; };
		BACE32992C3902B600B7BB84 /* FormViewController.swift in Sources */ = {isa = PBXBuildFile; fileRef = BACE32982C3902B600B7BB84 /* FormViewController.swift */; };
		BACE329B2C39037D00B7BB84 /* DetailViewController.swift in Sources */ = {isa = PBXBuildFile; fileRef = BACE329A2C39037D00B7BB84 /* DetailViewController.swift */; };
/* End PBXBuildFile section */

/* Begin PBXFileReference section */
		BACE32792C38E6D000B7BB84 /* scroll-view-class.app */ = {isa = PBXFileReference; explicitFileType = wrapper.application; includeInIndex = 0; path = "scroll-view-class.app"; sourceTree = BUILT_PRODUCTS_DIR; };
		BACE327C2C38E6D000B7BB84 /* AppDelegate.swift */ = {isa = PBXFileReference; lastKnownFileType = sourcecode.swift; path = AppDelegate.swift; sourceTree = "<group>"; };
		BACE327E2C38E6D000B7BB84 /* SceneDelegate.swift */ = {isa = PBXFileReference; lastKnownFileType = sourcecode.swift; path = SceneDelegate.swift; sourceTree = "<group>"; };
		BACE32802C38E6D000B7BB84 /* ViewController.swift */ = {isa = PBXFileReference; lastKnownFileType = sourcecode.swift; path = ViewController.swift; sourceTree = "<group>"; };
		BACE32832C38E6D000B7BB84 /* Base */ = {isa = PBXFileReference; lastKnownFileType = file.storyboard; name = Base; path = Base.lproj/Main.storyboard; sourceTree = "<group>"; };
		BACE32852C38E6D100B7BB84 /* Assets.xcassets */ = {isa = PBXFileReference; lastKnownFileType = folder.assetcatalog; path = Assets.xcassets; sourceTree = "<group>"; };
		BACE32882C38E6D100B7BB84 /* Base */ = {isa = PBXFileReference; lastKnownFileType = file.storyboard; name = Base; path = Base.lproj/LaunchScreen.storyboard; sourceTree = "<group>"; };
		BACE328A2C38E6D100B7BB84 /* Info.plist */ = {isa = PBXFileReference; lastKnownFileType = text.plist.xml; path = Info.plist; sourceTree = "<group>"; };
		BACE32942C38FBC900B7BB84 /* NumPadViewController.swift */ = {isa = PBXFileReference; lastKnownFileType = sourcecode.swift; path = NumPadViewController.swift; sourceTree = "<group>"; };
		BACE32962C38FC2100B7BB84 /* SecondViewController.swift */ = {isa = PBXFileReference; lastKnownFileType = sourcecode.swift; path = SecondViewController.swift; sourceTree = "<group>"; };
		BACE32982C3902B600B7BB84 /* FormViewController.swift */ = {isa = PBXFileReference; lastKnownFileType = sourcecode.swift; path = FormViewController.swift; sourceTree = "<group>"; };
		BACE329A2C39037D00B7BB84 /* DetailViewController.swift */ = {isa = PBXFileReference; lastKnownFileType = sourcecode.swift; path = DetailViewController.swift; sourceTree = "<group>"; };
/* End PBXFileReference section */

/* Begin PBXFrameworksBuildPhase section */
		BACE32762C38E6D000B7BB84 /* Frameworks */ = {
			isa = PBXFrameworksBuildPhase;
			buildActionMask = 2147483647;
			files = (
			);
			runOnlyForDeploymentPostprocessing = 0;
		};
/* End PBXFrameworksBuildPhase section */

/* Begin PBXGroup section */
		BACE32702C38E6D000B7BB84 = {
			isa = PBXGroup;
			children = (
				BACE32962C38FC2100B7BB84 /* SecondViewController.swift */,
				BACE327B2C38E6D000B7BB84 /* scroll-view-class */,
				BACE327A2C38E6D000B7BB84 /* Products */,
			);
			sourceTree = "<group>";
		};
		BACE327A2C38E6D000B7BB84 /* Products */ = {
			isa = PBXGroup;
			children = (
				BACE32792C38E6D000B7BB84 /* scroll-view-class.app */,
			);
			name = Products;
			sourceTree = "<group>";
		};
		BACE327B2C38E6D000B7BB84 /* scroll-view-class */ = {
			isa = PBXGroup;
			children = (
				BACE327C2C38E6D000B7BB84 /* AppDelegate.swift */,
				BACE327E2C38E6D000B7BB84 /* SceneDelegate.swift */,
				BACE32802C38E6D000B7BB84 /* ViewController.swift */,
				BACE32822C38E6D000B7BB84 /* Main.storyboard */,
				BACE32852C38E6D100B7BB84 /* Assets.xcassets */,
				BACE32872C38E6D100B7BB84 /* LaunchScreen.storyboard */,
				BACE328A2C38E6D100B7BB84 /* Info.plist */,
				BACE32942C38FBC900B7BB84 /* NumPadViewController.swift */,
				BACE32982C3902B600B7BB84 /* FormViewController.swift */,
				BACE329A2C39037D00B7BB84 /* DetailViewController.swift */,
			);
			path = "scroll-view-class";
			sourceTree = "<group>";
		};
/* End PBXGroup section */

/* Begin PBXNativeTarget section */
		BACE32782C38E6D000B7BB84 /* scroll-view-class */ = {
			isa = PBXNativeTarget;
			buildConfigurationList = BACE328D2C38E6D100B7BB84 /* Build configuration list for PBXNativeTarget "scroll-view-class" */;
			buildPhases = (
				BACE32752C38E6D000B7BB84 /* Sources */,
				BACE32762C38E6D000B7BB84 /* Frameworks */,
				BACE32772C38E6D000B7BB84 /* Resources */,
			);
			buildRules = (
			);
			dependencies = (
			);
			name = "scroll-view-class";
			productName = "scroll-view-class";
			productReference = BACE32792C38E6D000B7BB84 /* scroll-view-class.app */;
			productType = "com.apple.product-type.application";
		};
/* End PBXNativeTarget section */

/* Begin PBXProject section */
		BACE32712C38E6D000B7BB84 /* Project object */ = {
			isa = PBXProject;
			attributes = {
				BuildIndependentTargetsInParallel = 1;
				LastSwiftUpdateCheck = 1540;
				LastUpgradeCheck = 1540;
				TargetAttributes = {
					BACE32782C38E6D000B7BB84 = {
						CreatedOnToolsVersion = 15.4;
					};
				};
			};
			buildConfigurationList = BACE32742C38E6D000B7BB84 /* Build configuration list for PBXProject "scroll-view-class" */;
			compatibilityVersion = "Xcode 14.0";
			developmentRegion = en;
			hasScannedForEncodings = 0;
			knownRegions = (
				en,
				Base,
			);
			mainGroup = BACE32702C38E6D000B7BB84;
			productRefGroup = BACE327A2C38E6D000B7BB84 /* Products */;
			projectDirPath = "";
			projectRoot = "";
			targets = (
				BACE32782C38E6D000B7BB84 /* scroll-view-class */,
			);
		};
/* End PBXProject section */

/* Begin PBXResourcesBuildPhase section */
		BACE32772C38E6D000B7BB84 /* Resources */ = {
			isa = PBXResourcesBuildPhase;
			buildActionMask = 2147483647;
			files = (
				BACE32862C38E6D100B7BB84 /* Assets.xcassets in Resources */,
				BACE32892C38E6D100B7BB84 /* Base in Resources */,
				BACE32842C38E6D000B7BB84 /* Base in Resources */,
			);
			runOnlyForDeploymentPostprocessing = 0;
		};
/* End PBXResourcesBuildPhase section */

/* Begin PBXSourcesBuildPhase section */
		BACE32752C38E6D000B7BB84 /* Sources */ = {
			isa = PBXSourcesBuildPhase;
			buildActionMask = 2147483647;
			files = (
				BACE32992C3902B600B7BB84 /* FormViewController.swift in Sources */,
				BACE32812C38E6D000B7BB84 /* ViewController.swift in Sources */,
				BACE32952C38FBC900B7BB84 /* NumPadViewController.swift in Sources */,
				BACE327D2C38E6D000B7BB84 /* AppDelegate.swift in Sources */,
				BACE32972C38FC2100B7BB84 /* SecondViewController.swift in Sources */,
				BACE327F2C38E6D000B7BB84 /* SceneDelegate.swift in Sources */,
				BACE329B2C39037D00B7BB84 /* DetailViewController.swift in Sources */,
			);
			runOnlyForDeploymentPostprocessing = 0;
		};
/* End PBXSourcesBuildPhase section */

/* Begin PBXVariantGroup section */
		BACE32822C38E6D000B7BB84 /* Main.storyboard */ = {
			isa = PBXVariantGroup;
			children = (
				BACE32832C38E6D000B7BB84 /* Base */,
			);
			name = Main.storyboard;
			sourceTree = "<group>";
		};
		BACE32872C38E6D100B7BB84 /* LaunchScreen.storyboard */ = {
			isa = PBXVariantGroup;
			children = (
				BACE32882C38E6D100B7BB84 /* Base */,
			);
			name = LaunchScreen.storyboard;
			sourceTree = "<group>";
		};
/* End PBXVariantGroup section */

/* Begin XCBuildConfiguration section */
		BACE328B2C38E6D100B7BB84 /* Debug */ = {
			isa = XCBuildConfiguration;
			buildSettings = {
				ALWAYS_SEARCH_USER_PATHS = NO;
				ASSETCATALOG_COMPILER_GENERATE_SWIFT_ASSET_SYMBOL_EXTENSIONS = YES;
				CLANG_ANALYZER_NONNULL = YES;
				CLANG_ANALYZER_NUMBER_OBJECT_CONVERSION = YES_AGGRESSIVE;
				CLANG_CXX_LANGUAGE_STANDARD = "gnu++20";
				CLANG_ENABLE_MODULES = YES;
				CLANG_ENABLE_OBJC_ARC = YES;
				CLANG_ENABLE_OBJC_WEAK = YES;
				CLANG_WARN_BLOCK_CAPTURE_AUTORELEASING = YES;
				CLANG_WARN_BOOL_CONVERSION = YES;
				CLANG_WARN_COMMA = YES;
				CLANG_WARN_CONSTANT_CONVERSION = YES;
				CLANG_WARN_DEPRECATED_OBJC_IMPLEMENTATIONS = YES;
				CLANG_WARN_DIRECT_OBJC_ISA_USAGE = YES_ERROR;
				CLANG_WARN_DOCUMENTATION_COMMENTS = YES;
				CLANG_WARN_EMPTY_BODY = YES;
				CLANG_WARN_ENUM_CONVERSION = YES;
				CLANG_WARN_INFINITE_RECURSION = YES;
				CLANG_WARN_INT_CONVERSION = YES;
				CLANG_WARN_NON_LITERAL_NULL_CONVERSION = YES;
				CLANG_WARN_OBJC_IMPLICIT_RETAIN_SELF = YES;
				CLANG_WARN_OBJC_LITERAL_CONVERSION = YES;
				CLANG_WARN_OBJC_ROOT_CLASS = YES_ERROR;
				CLANG_WARN_QUOTED_INCLUDE_IN_FRAMEWORK_HEADER = YES;
				CLANG_WARN_RANGE_LOOP_ANALYSIS = YES;
				CLANG_WARN_STRICT_PROTOTYPES = YES;
				CLANG_WARN_SUSPICIOUS_MOVE = YES;
				CLANG_WARN_UNGUARDED_AVAILABILITY = YES_AGGRESSIVE;
				CLANG_WARN_UNREACHABLE_CODE = YES;
				CLANG_WARN__DUPLICATE_METHOD_MATCH = YES;
				COPY_PHASE_STRIP = NO;
				DEBUG_INFORMATION_FORMAT = dwarf;
				ENABLE_STRICT_OBJC_MSGSEND = YES;
				ENABLE_TESTABILITY = YES;
				ENABLE_USER_SCRIPT_SANDBOXING = YES;
				GCC_C_LANGUAGE_STANDARD = gnu17;
				GCC_DYNAMIC_NO_PIC = NO;
				GCC_NO_COMMON_BLOCKS = YES;
				GCC_OPTIMIZATION_LEVEL = 0;
				GCC_PREPROCESSOR_DEFINITIONS = (
					"DEBUG=1",
					"$(inherited)",
				);
				GCC_WARN_64_TO_32_BIT_CONVERSION = YES;
				GCC_WARN_ABOUT_RETURN_TYPE = YES_ERROR;
				GCC_WARN_UNDECLARED_SELECTOR = YES;
				GCC_WARN_UNINITIALIZED_AUTOS = YES_AGGRESSIVE;
				GCC_WARN_UNUSED_FUNCTION = YES;
				GCC_WARN_UNUSED_VARIABLE = YES;
				IPHONEOS_DEPLOYMENT_TARGET = 17.5;
				LOCALIZATION_PREFERS_STRING_CATALOGS = YES;
				MTL_ENABLE_DEBUG_INFO = INCLUDE_SOURCE;
				MTL_FAST_MATH = YES;
				ONLY_ACTIVE_ARCH = YES;
				SDKROOT = iphoneos;
				SWIFT_ACTIVE_COMPILATION_CONDITIONS = "DEBUG $(inherited)";
				SWIFT_OPTIMIZATION_LEVEL = "-Onone";
			};
			name = Debug;
		};
		BACE328C2C38E6D100B7BB84 /* Release */ = {
			isa = XCBuildConfiguration;
			buildSettings = {
				ALWAYS_SEARCH_USER_PATHS = NO;
				ASSETCATALOG_COMPILER_GENERATE_SWIFT_ASSET_SYMBOL_EXTENSIONS = YES;
				CLANG_ANALYZER_NONNULL = YES;
				CLANG_ANALYZER_NUMBER_OBJECT_CONVERSION = YES_AGGRESSIVE;
				CLANG_CXX_LANGUAGE_STANDARD = "gnu++20";
				CLANG_ENABLE_MODULES = YES;
				CLANG_ENABLE_OBJC_ARC = YES;
				CLANG_ENABLE_OBJC_WEAK = YES;
				CLANG_WARN_BLOCK_CAPTURE_AUTORELEASING = YES;
				CLANG_WARN_BOOL_CONVERSION = YES;
				CLANG_WARN_COMMA = YES;
				CLANG_WARN_CONSTANT_CONVERSION = YES;
				CLANG_WARN_DEPRECATED_OBJC_IMPLEMENTATIONS = YES;
				CLANG_WARN_DIRECT_OBJC_ISA_USAGE = YES_ERROR;
				CLANG_WARN_DOCUMENTATION_COMMENTS = YES;
				CLANG_WARN_EMPTY_BODY = YES;
				CLANG_WARN_ENUM_CONVERSION = YES;
				CLANG_WARN_INFINITE_RECURSION = YES;
				CLANG_WARN_INT_CONVERSION = YES;
				CLANG_WARN_NON_LITERAL_NULL_CONVERSION = YES;
				CLANG_WARN_OBJC_IMPLICIT_RETAIN_SELF = YES;
				CLANG_WARN_OBJC_LITERAL_CONVERSION = YES;
				CLANG_WARN_OBJC_ROOT_CLASS = YES_ERROR;
				CLANG_WARN_QUOTED_INCLUDE_IN_FRAMEWORK_HEADER = YES;
				CLANG_WARN_RANGE_LOOP_ANALYSIS = YES;
				CLANG_WARN_STRICT_PROTOTYPES = YES;
				CLANG_WARN_SUSPICIOUS_MOVE = YES;
				CLANG_WARN_UNGUARDED_AVAILABILITY = YES_AGGRESSIVE;
				CLANG_WARN_UNREACHABLE_CODE = YES;
				CLANG_WARN__DUPLICATE_METHOD_MATCH = YES;
				COPY_PHASE_STRIP = NO;
				DEBUG_INFORMATION_FORMAT = "dwarf-with-dsym";
				ENABLE_NS_ASSERTIONS = NO;
				ENABLE_STRICT_OBJC_MSGSEND = YES;
				ENABLE_USER_SCRIPT_SANDBOXING = YES;
				GCC_C_LANGUAGE_STANDARD = gnu17;
				GCC_NO_COMMON_BLOCKS = YES;
				GCC_WARN_64_TO_32_BIT_CONVERSION = YES;
				GCC_WARN_ABOUT_RETURN_TYPE = YES_ERROR;
				GCC_WARN_UNDECLARED_SELECTOR = YES;
				GCC_WARN_UNINITIALIZED_AUTOS = YES_AGGRESSIVE;
				GCC_WARN_UNUSED_FUNCTION = YES;
				GCC_WARN_UNUSED_VARIABLE = YES;
				IPHONEOS_DEPLOYMENT_TARGET = 17.5;
				LOCALIZATION_PREFERS_STRING_CATALOGS = YES;
				MTL_ENABLE_DEBUG_INFO = NO;
				MTL_FAST_MATH = YES;
				SDKROOT = iphoneos;
				SWIFT_COMPILATION_MODE = wholemodule;
				VALIDATE_PRODUCT = YES;
			};
			name = Release;
		};
		BACE328E2C38E6D100B7BB84 /* Debug */ = {
			isa = XCBuildConfiguration;
			buildSettings = {
				ASSETCATALOG_COMPILER_APPICON_NAME = AppIcon;
				ASSETCATALOG_COMPILER_GLOBAL_ACCENT_COLOR_NAME = AccentColor;
				CODE_SIGN_STYLE = Automatic;
				CURRENT_PROJECT_VERSION = 1;
				DEVELOPMENT_TEAM = 3K2JN76WN3;
				GENERATE_INFOPLIST_FILE = YES;
				INFOPLIST_FILE = "scroll-view-class/Info.plist";
				INFOPLIST_KEY_UIApplicationSupportsIndirectInputEvents = YES;
				INFOPLIST_KEY_UILaunchStoryboardName = LaunchScreen;
				INFOPLIST_KEY_UIMainStoryboardFile = Main;
				INFOPLIST_KEY_UISupportedInterfaceOrientations_iPad = "UIInterfaceOrientationPortrait UIInterfaceOrientationPortraitUpsideDown UIInterfaceOrientationLandscapeLeft UIInterfaceOrientationLandscapeRight";
				INFOPLIST_KEY_UISupportedInterfaceOrientations_iPhone = "UIInterfaceOrientationPortrait UIInterfaceOrientationLandscapeLeft UIInterfaceOrientationLandscapeRight";
				LD_RUNPATH_SEARCH_PATHS = (
					"$(inherited)",
					"@executable_path/Frameworks",
				);
				MARKETING_VERSION = 1.0;
				PRODUCT_BUNDLE_IDENTIFIER = "Lynnifier.scroll-view-class";
				PRODUCT_NAME = "$(TARGET_NAME)";
				SWIFT_EMIT_LOC_STRINGS = YES;
				SWIFT_VERSION = 5.0;
				TARGETED_DEVICE_FAMILY = "1,2";
			};
			name = Debug;
		};
		BACE328F2C38E6D100B7BB84 /* Release */ = {
			isa = XCBuildConfiguration;
			buildSettings = {
				ASSETCATALOG_COMPILER_APPICON_NAME = AppIcon;
				ASSETCATALOG_COMPILER_GLOBAL_ACCENT_COLOR_NAME = AccentColor;
				CODE_SIGN_STYLE = Automatic;
				CURRENT_PROJECT_VERSION = 1;
				DEVELOPMENT_TEAM = 3K2JN76WN3;
				GENERATE_INFOPLIST_FILE = YES;
				INFOPLIST_FILE = "scroll-view-class/Info.plist";
				INFOPLIST_KEY_UIApplicationSupportsIndirectInputEvents = YES;
				INFOPLIST_KEY_UILaunchStoryboardName = LaunchScreen;
				INFOPLIST_KEY_UIMainStoryboardFile = Main;
				INFOPLIST_KEY_UISupportedInterfaceOrientations_iPad = "UIInterfaceOrientationPortrait UIInterfaceOrientationPortraitUpsideDown UIInterfaceOrientationLandscapeLeft UIInterfaceOrientationLandscapeRight";
				INFOPLIST_KEY_UISupportedInterfaceOrientations_iPhone = "UIInterfaceOrientationPortrait UIInterfaceOrientationLandscapeLeft UIInterfaceOrientationLandscapeRight";
				LD_RUNPATH_SEARCH_PATHS = (
					"$(inherited)",
					"@executable_path/Frameworks",
				);
				MARKETING_VERSION = 1.0;
				PRODUCT_BUNDLE_IDENTIFIER = "Lynnifier.scroll-view-class";
				PRODUCT_NAME = "$(TARGET_NAME)";
				SWIFT_EMIT_LOC_STRINGS = YES;
				SWIFT_VERSION = 5.0;
				TARGETED_DEVICE_FAMILY = "1,2";
			};
			name = Release;
		};
/* End XCBuildConfiguration section */

/* Begin XCConfigurationList section */
		BACE32742C38E6D000B7BB84 /* Build configuration list for PBXProject "scroll-view-class" */ = {
			isa = XCConfigurationList;
			buildConfigurations = (
				BACE328B2C38E6D100B7BB84 /* Debug */,
				BACE328C2C38E6D100B7BB84 /* Release */,
			);
			defaultConfigurationIsVisible = 0;
			defaultConfigurationName = Release;
		};
		BACE328D2C38E6D100B7BB84 /* Build configuration list for PBXNativeTarget "scroll-view-class" */ = {
			isa = XCConfigurationList;
			buildConfigurations = (
				BACE328E2C38E6D100B7BB84 /* Debug */,
				BACE328F2C38E6D100B7BB84 /* Release */,
			);
			defaultConfigurationIsVisible = 0;
			defaultConfigurationName = Release;
		};
/* End XCConfigurationList section */
	};
	rootObject = BACE32712C38E6D000B7BB84 /* Project object */;
}
